
Microsoft Visual Studio Solution File, Format Version 12.00
# Visual Studio 2012
Project("{FAE04EC0-301F-11D3-BF4B-00C04F79EFBC}") = "XamarinForms.CancelableModal", "Common\XamarinForms.CancelableModal.csproj", "{116BC00B-61D1-40FD-9DB6-5908D707BC86}"
EndProject
Project("{FAE04EC0-301F-11D3-BF4B-00C04F79EFBC}") = "XamarinForms.CancelableModal.iOS", "iOS\XamarinForms.CancelableModal.iOS.csproj", "{487B74F2-9F2A-40B9-A1BD-775109D0BE51}"
EndProject
Project("{FAE04EC0-301F-11D3-BF4B-00C04F79EFBC}") = "XamarinForms.CancelableModal.Droid", "Droid\XamarinForms.CancelableModal.Droid.csproj", "{77A43069-3824-441D-9846-97F80A087A3A}"
EndProject
Project("{2150E333-8FDC-42A3-9474-1A3956D46DE8}") = "Forms", "Forms", "{4F32A2D8-CA28-422F-9144-61B495463DCF}"
EndProject
Project("{2150E333-8FDC-42A3-9474-1A3956D46DE8}") = "External", "External", "{EDBEAF4E-C7C7-4CA3-990F-56C382F3CA66}"
EndProject
Project("{FAE04EC0-301F-11D3-BF4B-00C04F79EFBC}") = "Xamarin.Forms.Platform.iOS", "..\grupa Xamarina\Xamarin.Forms\Xamarin.Forms.Platform.iOS\Xamarin.Forms.Platform.iOS.csproj", "{271193C1-6E7C-429C-A36D-3F1BE5267231}"
EndProject
Project("{FAE04EC0-301F-11D3-BF4B-00C04F79EFBC}") = "Xamarin.Forms.Platform.Android", "..\grupa Xamarina\Xamarin.Forms\Xamarin.Forms.Platform.Android\Xamarin.Forms.Platform.Android.csproj", "{0E16E70A-D6DD-4323-AD5D-363ABFF42D6A}"
EndProject
Project("{FAE04EC0-301F-11D3-BF4B-00C04F79EFBC}") = "Xamarin.Forms.Core", "..\grupa Xamarina\Xamarin.Forms\Xamarin.Forms.Core\Xamarin.Forms.Core.csproj", "{2694E51A-D7A6-4B75-BD04-26FFE9CCFC1D}"
EndProject
Global
	GlobalSection(SolutionConfigurationPlatforms) = preSolution
		Debug|Any CPU = Debug|Any CPU
		Release|Any CPU = Release|Any CPU
		Debug|iPhoneSimulator = Debug|iPhoneSimulator
		Release|iPhone = Release|iPhone
		Release|iPhoneSimulator = Release|iPhoneSimulator
		Debug|iPhone = Debug|iPhone
	EndGlobalSection
	GlobalSection(ProjectConfigurationPlatforms) = postSolution
		{116BC00B-61D1-40FD-9DB6-5908D707BC86}.Debug|Any CPU.ActiveCfg = Debug|Any CPU
		{116BC00B-61D1-40FD-9DB6-5908D707BC86}.Debug|Any CPU.Build.0 = Debug|Any CPU
		{116BC00B-61D1-40FD-9DB6-5908D707BC86}.Release|Any CPU.ActiveCfg = Release|Any CPU
		{116BC00B-61D1-40FD-9DB6-5908D707BC86}.Release|Any CPU.Build.0 = Release|Any CPU
		{116BC00B-61D1-40FD-9DB6-5908D707BC86}.Debug|iPhoneSimulator.ActiveCfg = Debug|Any CPU
		{116BC00B-61D1-40FD-9DB6-5908D707BC86}.Debug|iPhoneSimulator.Build.0 = Debug|Any CPU
		{116BC00B-61D1-40FD-9DB6-5908D707BC86}.Release|iPhone.ActiveCfg = Release|Any CPU
		{116BC00B-61D1-40FD-9DB6-5908D707BC86}.Release|iPhone.Build.0 = Release|Any CPU
		{116BC00B-61D1-40FD-9DB6-5908D707BC86}.Release|iPhoneSimulator.ActiveCfg = Release|Any CPU
		{116BC00B-61D1-40FD-9DB6-5908D707BC86}.Release|iPhoneSimulator.Build.0 = Release|Any CPU
		{116BC00B-61D1-40FD-9DB6-5908D707BC86}.Debug|iPhone.ActiveCfg = Debug|Any CPU
		{116BC00B-61D1-40FD-9DB6-5908D707BC86}.Debug|iPhone.Build.0 = Debug|Any CPU
		{487B74F2-9F2A-40B9-A1BD-775109D0BE51}.Debug|Any CPU.ActiveCfg = Debug|iPhoneSimulator
		{487B74F2-9F2A-40B9-A1BD-775109D0BE51}.Debug|Any CPU.Build.0 = Debug|iPhoneSimulator
		{487B74F2-9F2A-40B9-A1BD-775109D0BE51}.Release|Any CPU.ActiveCfg = Release|iPhone
		{487B74F2-9F2A-40B9-A1BD-775109D0BE51}.Release|Any CPU.Build.0 = Release|iPhone
		{487B74F2-9F2A-40B9-A1BD-775109D0BE51}.Debug|iPhoneSimulator.ActiveCfg = Debug|iPhoneSimulator
		{487B74F2-9F2A-40B9-A1BD-775109D0BE51}.Debug|iPhoneSimulator.Build.0 = Debug|iPhoneSimulator
		{487B74F2-9F2A-40B9-A1BD-775109D0BE51}.Release|iPhone.ActiveCfg = Release|iPhone
		{487B74F2-9F2A-40B9-A1BD-775109D0BE51}.Release|iPhone.Build.0 = Release|iPhone
		{487B74F2-9F2A-40B9-A1BD-775109D0BE51}.Release|iPhoneSimulator.ActiveCfg = Release|iPhoneSimulator
		{487B74F2-9F2A-40B9-A1BD-775109D0BE51}.Release|iPhoneSimulator.Build.0 = Release|iPhoneSimulator
		{487B74F2-9F2A-40B9-A1BD-775109D0BE51}.Debug|iPhone.ActiveCfg = Debug|iPhone
		{487B74F2-9F2A-40B9-A1BD-775109D0BE51}.Debug|iPhone.Build.0 = Debug|iPhone
		{77A43069-3824-441D-9846-97F80A087A3A}.Debug|Any CPU.ActiveCfg = Debug|Any CPU
		{77A43069-3824-441D-9846-97F80A087A3A}.Debug|Any CPU.Build.0 = Debug|Any CPU
		{77A43069-3824-441D-9846-97F80A087A3A}.Release|Any CPU.ActiveCfg = Release|Any CPU
		{77A43069-3824-441D-9846-97F80A087A3A}.Release|Any CPU.Build.0 = Release|Any CPU
		{77A43069-3824-441D-9846-97F80A087A3A}.Debug|iPhoneSimulator.ActiveCfg = Debug|Any CPU
		{77A43069-3824-441D-9846-97F80A087A3A}.Debug|iPhoneSimulator.Build.0 = Debug|Any CPU
		{77A43069-3824-441D-9846-97F80A087A3A}.Release|iPhone.ActiveCfg = Release|Any CPU
		{77A43069-3824-441D-9846-97F80A087A3A}.Release|iPhone.Build.0 = Release|Any CPU
		{77A43069-3824-441D-9846-97F80A087A3A}.Release|iPhoneSimulator.ActiveCfg = Release|Any CPU
		{77A43069-3824-441D-9846-97F80A087A3A}.Release|iPhoneSimulator.Build.0 = Release|Any CPU
		{77A43069-3824-441D-9846-97F80A087A3A}.Debug|iPhone.ActiveCfg = Debug|Any CPU
		{77A43069-3824-441D-9846-97F80A087A3A}.Debug|iPhone.Build.0 = Debug|Any CPU
		{271193C1-6E7C-429C-A36D-3F1BE5267231}.Debug|Any CPU.ActiveCfg = Debug|Any CPU
		{271193C1-6E7C-429C-A36D-3F1BE5267231}.Release|Any CPU.ActiveCfg = Release|Any CPU
		{271193C1-6E7C-429C-A36D-3F1BE5267231}.Release|Any CPU.Build.0 = Release|Any CPU
		{271193C1-6E7C-429C-A36D-3F1BE5267231}.Debug|iPhoneSimulator.ActiveCfg = Debug|Any CPU
		{271193C1-6E7C-429C-A36D-3F1BE5267231}.Debug|iPhoneSimulator.Build.0 = Debug|Any CPU
		{271193C1-6E7C-429C-A36D-3F1BE5267231}.Release|iPhone.ActiveCfg = Release|Any CPU
		{271193C1-6E7C-429C-A36D-3F1BE5267231}.Release|iPhone.Build.0 = Release|Any CPU
		{271193C1-6E7C-429C-A36D-3F1BE5267231}.Release|iPhoneSimulator.ActiveCfg = Release|Any CPU
		{271193C1-6E7C-429C-A36D-3F1BE5267231}.Release|iPhoneSimulator.Build.0 = Release|Any CPU
		{271193C1-6E7C-429C-A36D-3F1BE5267231}.Debug|iPhone.ActiveCfg = Debug|Any CPU
		{271193C1-6E7C-429C-A36D-3F1BE5267231}.Debug|iPhone.Build.0 = Debug|Any CPU
		{0E16E70A-D6DD-4323-AD5D-363ABFF42D6A}.Debug|Any CPU.ActiveCfg = Debug|Any CPU
		{0E16E70A-D6DD-4323-AD5D-363ABFF42D6A}.Release|Any CPU.ActiveCfg = Release|Any CPU
		{0E16E70A-D6DD-4323-AD5D-363ABFF42D6A}.Release|Any CPU.Build.0 = Release|Any CPU
		{0E16E70A-D6DD-4323-AD5D-363ABFF42D6A}.Debug|iPhoneSimulator.ActiveCfg = Debug|Any CPU
		{0E16E70A-D6DD-4323-AD5D-363ABFF42D6A}.Debug|iPhoneSimulator.Build.0 = Debug|Any CPU
		{0E16E70A-D6DD-4323-AD5D-363ABFF42D6A}.Release|iPhone.ActiveCfg = Release|Any CPU
		{0E16E70A-D6DD-4323-AD5D-363ABFF42D6A}.Release|iPhone.Build.0 = Release|Any CPU
		{0E16E70A-D6DD-4323-AD5D-363ABFF42D6A}.Release|iPhoneSimulator.ActiveCfg = Release|Any CPU
		{0E16E70A-D6DD-4323-AD5D-363ABFF42D6A}.Release|iPhoneSimulator.Build.0 = Release|Any CPU
		{0E16E70A-D6DD-4323-AD5D-363ABFF42D6A}.Debug|iPhone.ActiveCfg = Debug|Any CPU
		{0E16E70A-D6DD-4323-AD5D-363ABFF42D6A}.Debug|iPhone.Build.0 = Debug|Any CPU
		{2694E51A-D7A6-4B75-BD04-26FFE9CCFC1D}.Debug|Any CPU.ActiveCfg = Debug|Any CPU
		{2694E51A-D7A6-4B75-BD04-26FFE9CCFC1D}.Release|Any CPU.ActiveCfg = Release|Any CPU
		{2694E51A-D7A6-4B75-BD04-26FFE9CCFC1D}.Release|Any CPU.Build.0 = Release|Any CPU
		{2694E51A-D7A6-4B75-BD04-26FFE9CCFC1D}.Debug|iPhoneSimulator.ActiveCfg = Debug|Any CPU
		{2694E51A-D7A6-4B75-BD04-26FFE9CCFC1D}.Debug|iPhoneSimulator.Build.0 = Debug|Any CPU
		{2694E51A-D7A6-4B75-BD04-26FFE9CCFC1D}.Release|iPhone.ActiveCfg = Release|Any CPU
		{2694E51A-D7A6-4B75-BD04-26FFE9CCFC1D}.Release|iPhone.Build.0 = Release|Any CPU
		{2694E51A-D7A6-4B75-BD04-26FFE9CCFC1D}.Release|iPhoneSimulator.ActiveCfg = Release|Any CPU
		{2694E51A-D7A6-4B75-BD04-26FFE9CCFC1D}.Release|iPhoneSimulator.Build.0 = Release|Any CPU
		{2694E51A-D7A6-4B75-BD04-26FFE9CCFC1D}.Debug|iPhone.ActiveCfg = Debug|Any CPU
		{2694E51A-D7A6-4B75-BD04-26FFE9CCFC1D}.Debug|iPhone.Build.0 = Debug|Any CPU
	EndGlobalSection
	GlobalSection(NestedProjects) = preSolution
		{116BC00B-61D1-40FD-9DB6-5908D707BC86} = {4F32A2D8-CA28-422F-9144-61B495463DCF}
		{77A43069-3824-441D-9846-97F80A087A3A} = {4F32A2D8-CA28-422F-9144-61B495463DCF}
		{487B74F2-9F2A-40B9-A1BD-775109D0BE51} = {4F32A2D8-CA28-422F-9144-61B495463DCF}
		{271193C1-6E7C-429C-A36D-3F1BE5267231} = {EDBEAF4E-C7C7-4CA3-990F-56C382F3CA66}
		{0E16E70A-D6DD-4323-AD5D-363ABFF42D6A} = {EDBEAF4E-C7C7-4CA3-990F-56C382F3CA66}
		{2694E51A-D7A6-4B75-BD04-26FFE9CCFC1D} = {EDBEAF4E-C7C7-4CA3-990F-56C382F3CA66}
	EndGlobalSection
EndGlobal
